// !$*UTF8*$!
{
	archiveVersion = 1;
	classes = {
	};
	objectVersion = 56;
	objects = {

/* Begin PBXBuildFile section */
		D97758412A528979001C5774 /* LEO - Naa Ready.mp3 in Resources */ = {isa = PBXBuildFile; fileRef = D97758402A528978001C5774 /* LEO - Naa Ready.mp3 */; };
		D9C0B9DD2A5285FC0030BA32 /* AppDelegate.swift in Sources */ = {isa = PBXBuildFile; fileRef = D9C0B9DC2A5285FC0030BA32 /* AppDelegate.swift */; };
		D9C0B9DF2A5285FC0030BA32 /* SceneDelegate.swift in Sources */ = {isa = PBXBuildFile; fileRef = D9C0B9DE2A5285FC0030BA32 /* SceneDelegate.swift */; };
		D9C0B9E12A5285FC0030BA32 /* ViewController.swift in Sources */ = {isa = PBXBuildFile; fileRef = D9C0B9E02A5285FC0030BA32 /* ViewController.swift */; };
		D9C0B9E42A5285FC0030BA32 /* Main.storyboard in Resources */ = {isa = PBXBuildFile; fileRef = D9C0B9E22A5285FC0030BA32 /* Main.storyboard */; };
		D9C0B9E72A5285FC0030BA32 /* gradientColorSetup.xcdatamodeld in Sources */ = {isa = PBXBuildFile; fileRef = D9C0B9E52A5285FC0030BA32 /* gradientColorSetup.xcdatamodeld */; };
		D9C0B9E92A5286020030BA32 /* Assets.xcassets in Resources */ = {isa = PBXBuildFile; fileRef = D9C0B9E82A5286020030BA32 /* Assets.xcassets */; };
		D9C0B9EC2A5286020030BA32 /* LaunchScreen.storyboard in Resources */ = {isa = PBXBuildFile; fileRef = D9C0B9EA2A5286020030BA32 /* LaunchScreen.storyboard */; };
		D9C0B9F72A5286030030BA32 /* gradientColorSetupTests.swift in Sources */ = {isa = PBXBuildFile; fileRef = D9C0B9F62A5286030030BA32 /* gradientColorSetupTests.swift */; };
		D9C0BA012A5286030030BA32 /* gradientColorSetupUITests.swift in Sources */ = {isa = PBXBuildFile; fileRef = D9C0BA002A5286030030BA32 /* gradientColorSetupUITests.swift */; };
		D9C0BA032A5286030030BA32 /* gradientColorSetupUITestsLaunchTests.swift in Sources */ = {isa = PBXBuildFile; fileRef = D9C0BA022A5286030030BA32 /* gradientColorSetupUITestsLaunchTests.swift */; };
/* End PBXBuildFile section */

/* Begin PBXContainerItemProxy section */
		D9C0B9F32A5286030030BA32 /* PBXContainerItemProxy */ = {
			isa = PBXContainerItemProxy;
			containerPortal = D9C0B9D12A5285FC0030BA32 /* Project object */;
			proxyType = 1;
			remoteGlobalIDString = D9C0B9D82A5285FC0030BA32;
			remoteInfo = gradientColorSetup;
		};
		D9C0B9FD2A5286030030BA32 /* PBXContainerItemProxy */ = {
			isa = PBXContainerItemProxy;
			containerPortal = D9C0B9D12A5285FC0030BA32 /* Project object */;
			proxyType = 1;
			remoteGlobalIDString = D9C0B9D82A5285FC0030BA32;
			remoteInfo = gradientColorSetup;
		};
/* End PBXContainerItemProxy section */

/* Begin PBXFileReference section */
		D97758402A528978001C5774 /* LEO - Naa Ready.mp3 */ = {isa = PBXFileReference; lastKnownFileType = audio.mp3; path = "LEO - Naa Ready.mp3"; sourceTree = "<group>"; };
		D97758462A529E2F001C5774 /* Info.plist */ = {isa = PBXFileReference; fileEncoding = 4; lastKnownFileType = text.plist.xml; path = Info.plist; sourceTree = "<group>"; };
		D9C0B9D92A5285FC0030BA32 /* gradientColorSetup.app */ = {isa = PBXFileReference; explicitFileType = wrapper.application; includeInIndex = 0; path = gradientColorSetup.app; sourceTree = BUILT_PRODUCTS_DIR; };
		D9C0B9DC2A5285FC0030BA32 /* AppDelegate.swift */ = {isa = PBXFileReference; lastKnownFileType = sourcecode.swift; path = AppDelegate.swift; sourceTree = "<group>"; };
		D9C0B9DE2A5285FC0030BA32 /* SceneDelegate.swift */ = {isa = PBXFileReference; lastKnownFileType = sourcecode.swift; path = SceneDelegate.swift; sourceTree = "<group>"; };
		D9C0B9E02A5285FC0030BA32 /* ViewController.swift */ = {isa = PBXFileReference; lastKnownFileType = sourcecode.swift; path = ViewController.swift; sourceTree = "<group>"; };
		D9C0B9E32A5285FC0030BA32 /* Base */ = {isa = PBXFileReference; lastKnownFileType = file.storyboard; name = Base; path = Base.lproj/Main.storyboard; sourceTree = "<group>"; };
		D9C0B9E62A5285FC0030BA32 /* gradientColorSetup.xcdatamodel */ = {isa = PBXFileReference; lastKnownFileType = wrapper.xcdatamodel; path = gradientColorSetup.xcdatamodel; sourceTree = "<group>"; };
		D9C0B9E82A5286020030BA32 /* Assets.xcassets */ = {isa = PBXFileReference; lastKnownFileType = folder.assetcatalog; path = Assets.xcassets; sourceTree = "<group>"; };
		D9C0B9EB2A5286020030BA32 /* Base */ = {isa = PBXFileReference; lastKnownFileType = file.storyboard; name = Base; path = Base.lproj/LaunchScreen.storyboard; sourceTree = "<group>"; };
		D9C0B9F22A5286030030BA32 /* gradientColorSetupTests.xctest */ = {isa = PBXFileReference; explicitFileType = wrapper.cfbundle; includeInIndex = 0; path = gradientColorSetupTests.xctest; sourceTree = BUILT_PRODUCTS_DIR; };
		D9C0B9F62A5286030030BA32 /* gradientColorSetupTests.swift */ = {isa = PBXFileReference; lastKnownFileType = sourcecode.swift; path = gradientColorSetupTests.swift; sourceTree = "<group>"; };
		D9C0B9FC2A5286030030BA32 /* gradientColorSetupUITests.xctest */ = {isa = PBXFileReference; explicitFileType = wrapper.cfbundle; includeInIndex = 0; path = gradientColorSetupUITests.xctest; sourceTree = BUILT_PRODUCTS_DIR; };
		D9C0BA002A5286030030BA32 /* gradientColorSetupUITests.swift */ = {isa = PBXFileReference; lastKnownFileType = sourcecode.swift; path = gradientColorSetupUITests.swift; sourceTree = "<group>"; };
		D9C0BA022A5286030030BA32 /* gradientColorSetupUITestsLaunchTests.swift */ = {isa = PBXFileReference; lastKnownFileType = sourcecode.swift; path = gradientColorSetupUITestsLaunchTests.swift; sourceTree = "<group>"; };
/* End PBXFileReference section */

/* Begin PBXFrameworksBuildPhase section */
		D9C0B9D62A5285FC0030BA32 /* Frameworks */ = {
			isa = PBXFrameworksBuildPhase;
			buildActionMask = 2147483647;
			files = (
			);
			runOnlyForDeploymentPostprocessing = 0;
		};
		D9C0B9EF2A5286030030BA32 /* Frameworks */ = {
			isa = PBXFrameworksBuildPhase;
			buildActionMask = 2147483647;
			files = (
			);
			runOnlyForDeploymentPostprocessing = 0;
		};
		D9C0B9F92A5286030030BA32 /* Frameworks */ = {
			isa = PBXFrameworksBuildPhase;
			buildActionMask = 2147483647;
			files = (
			);
			runOnlyForDeploymentPostprocessing = 0;
		};
/* End PBXFrameworksBuildPhase section */

/* Begin PBXGroup section */
		D9C0B9D02A5285FC0030BA32 = {
			isa = PBXGroup;
			children = (
				D9C0B9DB2A5285FC0030BA32 /* gradientColorSetup */,
				D9C0B9F52A5286030030BA32 /* gradientColorSetupTests */,
				D9C0B9FF2A5286030030BA32 /* gradientColorSetupUITests */,
				D9C0B9DA2A5285FC0030BA32 /* Products */,
			);
			sourceTree = "<group>";
		};
		D9C0B9DA2A5285FC0030BA32 /* Products */ = {
			isa = PBXGroup;
			children = (
				D9C0B9D92A5285FC0030BA32 /* gradientColorSetup.app */,
				D9C0B9F22A5286030030BA32 /* gradientColorSetupTests.xctest */,
				D9C0B9FC2A5286030030BA32 /* gradientColorSetupUITests.xctest */,
			);
			name = Products;
			sourceTree = "<group>";
		};
		D9C0B9DB2A5285FC0030BA32 /* gradientColorSetup */ = {
			isa = PBXGroup;
			children = (
				D9C0B9DC2A5285FC0030BA32 /* AppDelegate.swift */,
				D9C0B9DE2A5285FC0030BA32 /* SceneDelegate.swift */,
				D9C0B9E02A5285FC0030BA32 /* ViewController.swift */,
				D97758462A529E2F001C5774 /* Info.plist */,
				D97758402A528978001C5774 /* LEO - Naa Ready.mp3 */,
				D9C0B9E22A5285FC0030BA32 /* Main.storyboard */,
				D9C0B9E82A5286020030BA32 /* Assets.xcassets */,
				D9C0B9EA2A5286020030BA32 /* LaunchScreen.storyboard */,
				D9C0B9E52A5285FC0030BA32 /* gradientColorSetup.xcdatamodeld */,
			);
			path = gradientColorSetup;
			sourceTree = "<group>";
		};
		D9C0B9F52A5286030030BA32 /* gradientColorSetupTests */ = {
			isa = PBXGroup;
			children = (
				D9C0B9F62A5286030030BA32 /* gradientColorSetupTests.swift */,
			);
			path = gradientColorSetupTests;
			sourceTree = "<group>";
		};
		D9C0B9FF2A5286030030BA32 /* gradientColorSetupUITests */ = {
			isa = PBXGroup;
			children = (
				D9C0BA002A5286030030BA32 /* gradientColorSetupUITests.swift */,
				D9C0BA022A5286030030BA32 /* gradientColorSetupUITestsLaunchTests.swift */,
			);
			path = gradientColorSetupUITests;
			sourceTree = "<group>";
		};
/* End PBXGroup section */

/* Begin PBXNativeTarget section */
		D9C0B9D82A5285FC0030BA32 /* gradientColorSetup */ = {
			isa = PBXNativeTarget;
			buildConfigurationList = D9C0BA062A5286030030BA32 /* Build configuration list for PBXNativeTarget "gradientColorSetup" */;
			buildPhases = (
				D9C0B9D52A5285FC0030BA32 /* Sources */,
				D9C0B9D62A5285FC0030BA32 /* Frameworks */,
				D9C0B9D72A5285FC0030BA32 /* Resources */,
			);
			buildRules = (
			);
			dependencies = (
			);
			name = gradientColorSetup;
			productName = gradientColorSetup;
			productReference = D9C0B9D92A5285FC0030BA32 /* gradientColorSetup.app */;
			productType = "com.apple.product-type.application";
		};
		D9C0B9F12A5286030030BA32 /* gradientColorSetupTests */ = {
			isa = PBXNativeTarget;
			buildConfigurationList = D9C0BA092A5286030030BA32 /* Build configuration list for PBXNativeTarget "gradientColorSetupTests" */;
			buildPhases = (
				D9C0B9EE2A5286030030BA32 /* Sources */,
				D9C0B9EF2A5286030030BA32 /* Frameworks */,
				D9C0B9F02A5286030030BA32 /* Resources */,
			);
			buildRules = (
			);
			dependencies = (
				D9C0B9F42A5286030030BA32 /* PBXTargetDependency */,
			);
			name = gradientColorSetupTests;
			productName = gradientColorSetupTests;
			productReference = D9C0B9F22A5286030030BA32 /* gradientColorSetupTests.xctest */;
			productType = "com.apple.product-type.bundle.unit-test";
		};
		D9C0B9FB2A5286030030BA32 /* gradientColorSetupUITests */ = {
			isa = PBXNativeTarget;
			buildConfigurationList = D9C0BA0C2A5286030030BA32 /* Build configuration list for PBXNativeTarget "gradientColorSetupUITests" */;
			buildPhases = (
				D9C0B9F82A5286030030BA32 /* Sources */,
				D9C0B9F92A5286030030BA32 /* Frameworks */,
				D9C0B9FA2A5286030030BA32 /* Resources */,
			);
			buildRules = (
			);
			dependencies = (
				D9C0B9FE2A5286030030BA32 /* PBXTargetDependency */,
			);
			name = gradientColorSetupUITests;
			productName = gradientColorSetupUITests;
			productReference = D9C0B9FC2A5286030030BA32 /* gradientColorSetupUITests.xctest */;
			productType = "com.apple.product-type.bundle.ui-testing";
		};
/* End PBXNativeTarget section */

/* Begin PBXProject section */
		D9C0B9D12A5285FC0030BA32 /* Project object */ = {
			isa = PBXProject;
			attributes = {
				BuildIndependentTargetsInParallel = 1;
				LastSwiftUpdateCheck = 1420;
				LastUpgradeCheck = 1420;
				TargetAttributes = {
					D9C0B9D82A5285FC0030BA32 = {
						CreatedOnToolsVersion = 14.2;
					};
					D9C0B9F12A5286030030BA32 = {
						CreatedOnToolsVersion = 14.2;
						TestTargetID = D9C0B9D82A5285FC0030BA32;
					};
					D9C0B9FB2A5286030030BA32 = {
						CreatedOnToolsVersion = 14.2;
						TestTargetID = D9C0B9D82A5285FC0030BA32;
					};
				};
			};
			buildConfigurationList = D9C0B9D42A5285FC0030BA32 /* Build configuration list for PBXProject "gradientColorSetup" */;
			compatibilityVersion = "Xcode 14.0";
			developmentRegion = en;
			hasScannedForEncodings = 0;
			knownRegions = (
				en,
				Base,
			);
			mainGroup = D9C0B9D02A5285FC0030BA32;
			productRefGroup = D9C0B9DA2A5285FC0030BA32 /* Products */;
			projectDirPath = "";
			projectRoot = "";
			targets = (
				D9C0B9D82A5285FC0030BA32 /* gradientColorSetup */,
				D9C0B9F12A5286030030BA32 /* gradientColorSetupTests */,
				D9C0B9FB2A5286030030BA32 /* gradientColorSetupUITests */,
			);
		};
/* End PBXProject section */

/* Begin PBXResourcesBuildPhase section */
		D9C0B9D72A5285FC0030BA32 /* Resources */ = {
			isa = PBXResourcesBuildPhase;
			buildActionMask = 2147483647;
			files = (
				D9C0B9EC2A5286020030BA32 /* LaunchScreen.storyboard in Resources */,
				D97758412A528979001C5774 /* LEO - Naa Ready.mp3 in Resources */,
				D9C0B9E92A5286020030BA32 /* Assets.xcassets in Resources */,
				D9C0B9E42A5285FC0030BA32 /* Main.storyboard in Resources */,
			);
			runOnlyForDeploymentPostprocessing = 0;
		};
		D9C0B9F02A5286030030BA32 /* Resources */ = {
			isa = PBXResourcesBuildPhase;
			buildActionMask = 2147483647;
			files = (
			);
			runOnlyForDeploymentPostprocessing = 0;
		};
		D9C0B9FA2A5286030030BA32 /* Resources */ = {
			isa = PBXResourcesBuildPhase;
			buildActionMask = 2147483647;
			files = (
			);
			runOnlyForDeploymentPostprocessing = 0;
		};
/* End PBXResourcesBuildPhase section */

/* Begin PBXSourcesBuildPhase section */
		D9C0B9D52A5285FC0030BA32 /* Sources */ = {
			isa = PBXSourcesBuildPhase;
			buildActionMask = 2147483647;
			files = (
				D9C0B9E12A5285FC0030BA32 /* ViewController.swift in Sources */,
				D9C0B9E72A5285FC0030BA32 /* gradientColorSetup.xcdatamodeld in Sources */,
				D9C0B9DD2A5285FC0030BA32 /* AppDelegate.swift in Sources */,
				D9C0B9DF2A5285FC0030BA32 /* SceneDelegate.swift in Sources */,
			);
			runOnlyForDeploymentPostprocessing = 0;
		};
		D9C0B9EE2A5286030030BA32 /* Sources */ = {
			isa = PBXSourcesBuildPhase;
			buildActionMask = 2147483647;
			files = (
				D9C0B9F72A5286030030BA32 /* gradientColorSetupTests.swift in Sources */,
			);
			runOnlyForDeploymentPostprocessing = 0;
		};
		D9C0B9F82A5286030030BA32 /* Sources */ = {
			isa = PBXSourcesBuildPhase;
			buildActionMask = 2147483647;
			files = (
				D9C0BA032A5286030030BA32 /* gradientColorSetupUITestsLaunchTests.swift in Sources */,
				D9C0BA012A5286030030BA32 /* gradientColorSetupUITests.swift in Sources */,
			);
			runOnlyForDeploymentPostprocessing = 0;
		};
/* End PBXSourcesBuildPhase section */

/* Begin PBXTargetDependency section */
		D9C0B9F42A5286030030BA32 /* PBXTargetDependency */ = {
			isa = PBXTargetDependency;
			target = D9C0B9D82A5285FC0030BA32 /* gradientColorSetup */;
			targetProxy = D9C0B9F32A5286030030BA32 /* PBXContainerItemProxy */;
		};
		D9C0B9FE2A5286030030BA32 /* PBXTargetDependency */ = {
			isa = PBXTargetDependency;
			target = D9C0B9D82A5285FC0030BA32 /* gradientColorSetup */;
			targetProxy = D9C0B9FD2A5286030030BA32 /* PBXContainerItemProxy */;
		};
/* End PBXTargetDependency section */

/* Begin PBXVariantGroup section */
		D9C0B9E22A5285FC0030BA32 /* Main.storyboard */ = {
			isa = PBXVariantGroup;
			children = (
				D9C0B9E32A5285FC0030BA32 /* Base */,
			);
			name = Main.storyboard;
			sourceTree = "<group>";
		};
		D9C0B9EA2A5286020030BA32 /* LaunchScreen.storyboard */ = {
			isa = PBXVariantGroup;
			children = (
				D9C0B9EB2A5286020030BA32 /* Base */,
			);
			name = LaunchScreen.storyboard;
			sourceTree = "<group>";
		};
/* End PBXVariantGroup section */

/* Begin XCBuildConfiguration section */
		D9C0BA042A5286030030BA32 /* Debug */ = {
			isa = XCBuildConfiguration;
			buildSettings = {
				ALWAYS_SEARCH_USER_PATHS = NO;
				CLANG_ANALYZER_NONNULL = YES;
				CLANG_ANALYZER_NUMBER_OBJECT_CONVERSION = YES_AGGRESSIVE;
				CLANG_CXX_LANGUAGE_STANDARD = "gnu++20";
				CLANG_ENABLE_MODULES = YES;
				CLANG_ENABLE_OBJC_ARC = YES;
				CLANG_ENABLE_OBJC_WEAK = YES;
				CLANG_WARN_BLOCK_CAPTURE_AUTORELEASING = YES;
				CLANG_WARN_BOOL_CONVERSION = YES;
				CLANG_WARN_COMMA = YES;
				CLANG_WARN_CONSTANT_CONVERSION = YES;
				CLANG_WARN_DEPRECATED_OBJC_IMPLEMENTATIONS = YES;
				CLANG_WARN_DIRECT_OBJC_ISA_USAGE = YES_ERROR;
				CLANG_WARN_DOCUMENTATION_COMMENTS = YES;
				CLANG_WARN_EMPTY_BODY = YES;
				CLANG_WARN_ENUM_CONVERSION = YES;
				CLANG_WARN_INFINITE_RECURSION = YES;
				CLANG_WARN_INT_CONVERSION = YES;
				CLANG_WARN_NON_LITERAL_NULL_CONVERSION = YES;
				CLANG_WARN_OBJC_IMPLICIT_RETAIN_SELF = YES;
				CLANG_WARN_OBJC_LITERAL_CONVERSION = YES;
				CLANG_WARN_OBJC_ROOT_CLASS = YES_ERROR;
				CLANG_WARN_QUOTED_INCLUDE_IN_FRAMEWORK_HEADER = YES;
				CLANG_WARN_RANGE_LOOP_ANALYSIS = YES;
				CLANG_WARN_STRICT_PROTOTYPES = YES;
				CLANG_WARN_SUSPICIOUS_MOVE = YES;
				CLANG_WARN_UNGUARDED_AVAILABILITY = YES_AGGRESSIVE;
				CLANG_WARN_UNREACHABLE_CODE = YES;
				CLANG_WARN__DUPLICATE_METHOD_MATCH = YES;
				COPY_PHASE_STRIP = NO;
				DEBUG_INFORMATION_FORMAT = dwarf;
				ENABLE_STRICT_OBJC_MSGSEND = YES;
				ENABLE_TESTABILITY = YES;
				GCC_C_LANGUAGE_STANDARD = gnu11;
				GCC_DYNAMIC_NO_PIC = NO;
				GCC_NO_COMMON_BLOCKS = YES;
				GCC_OPTIMIZATION_LEVEL = 0;
				GCC_PREPROCESSOR_DEFINITIONS = (
					"DEBUG=1",
					"$(inherited)",
				);
				GCC_WARN_64_TO_32_BIT_CONVERSION = YES;
				GCC_WARN_ABOUT_RETURN_TYPE = YES_ERROR;
				GCC_WARN_UNDECLARED_SELECTOR = YES;
				GCC_WARN_UNINITIALIZED_AUTOS = YES_AGGRESSIVE;
				GCC_WARN_UNUSED_FUNCTION = YES;
				GCC_WARN_UNUSED_VARIABLE = YES;
				IPHONEOS_DEPLOYMENT_TARGET = 16.2;
				MTL_ENABLE_DEBUG_INFO = INCLUDE_SOURCE;
				MTL_FAST_MATH = YES;
				ONLY_ACTIVE_ARCH = YES;
				SDKROOT = iphoneos;
				SWIFT_ACTIVE_COMPILATION_CONDITIONS = DEBUG;
				SWIFT_OPTIMIZATION_LEVEL = "-Onone";
			};
			name = Debug;
		};
		D9C0BA052A5286030030BA32 /* Release */ = {
			isa = XCBuildConfiguration;
			buildSettings = {
				ALWAYS_SEARCH_USER_PATHS = NO;
				CLANG_ANALYZER_NONNULL = YES;
				CLANG_ANALYZER_NUMBER_OBJECT_CONVERSION = YES_AGGRESSIVE;
				CLANG_CXX_LANGUAGE_STANDARD = "gnu++20";
				CLANG_ENABLE_MODULES = YES;
				CLANG_ENABLE_OBJC_ARC = YES;
				CLANG_ENABLE_OBJC_WEAK = YES;
				CLANG_WARN_BLOCK_CAPTURE_AUTORELEASING = YES;
				CLANG_WARN_BOOL_CONVERSION = YES;
				CLANG_WARN_COMMA = YES;
				CLANG_WARN_CONSTANT_CONVERSION = YES;
				CLANG_WARN_DEPRECATED_OBJC_IMPLEMENTATIONS = YES;
				CLANG_WARN_DIRECT_OBJC_ISA_USAGE = YES_ERROR;
				CLANG_WARN_DOCUMENTATION_COMMENTS = YES;
				CLANG_WARN_EMPTY_BODY = YES;
				CLANG_WARN_ENUM_CONVERSION = YES;
				CLANG_WARN_INFINITE_RECURSION = YES;
				CLANG_WARN_INT_CONVERSION = YES;
				CLANG_WARN_NON_LITERAL_NULL_CONVERSION = YES;
				CLANG_WARN_OBJC_IMPLICIT_RETAIN_SELF = YES;
				CLANG_WARN_OBJC_LITERAL_CONVERSION = YES;
				CLANG_WARN_OBJC_ROOT_CLASS = YES_ERROR;
				CLANG_WARN_QUOTED_INCLUDE_IN_FRAMEWORK_HEADER = YES;
				CLANG_WARN_RANGE_LOOP_ANALYSIS = YES;
				CLANG_WARN_STRICT_PROTOTYPES = YES;
				CLANG_WARN_SUSPICIOUS_MOVE = YES;
				CLANG_WARN_UNGUARDED_AVAILABILITY = YES_AGGRESSIVE;
				CLANG_WARN_UNREACHABLE_CODE = YES;
				CLANG_WARN__DUPLICATE_METHOD_MATCH = YES;
				COPY_PHASE_STRIP = NO;
				DEBUG_INFORMATION_FORMAT = "dwarf-with-dsym";
				ENABLE_NS_ASSERTIONS = NO;
				ENABLE_STRICT_OBJC_MSGSEND = YES;
				GCC_C_LANGUAGE_STANDARD = gnu11;
				GCC_NO_COMMON_BLOCKS = YES;
				GCC_WARN_64_TO_32_BIT_CONVERSION = YES;
				GCC_WARN_ABOUT_RETURN_TYPE = YES_ERROR;
				GCC_WARN_UNDECLARED_SELECTOR = YES;
				GCC_WARN_UNINITIALIZED_AUTOS = YES_AGGRESSIVE;
				GCC_WARN_UNUSED_FUNCTION = YES;
				GCC_WARN_UNUSED_VARIABLE = YES;
				IPHONEOS_DEPLOYMENT_TARGET = 16.2;
				MTL_ENABLE_DEBUG_INFO = NO;
				MTL_FAST_MATH = YES;
				SDKROOT = iphoneos;
				SWIFT_COMPILATION_MODE = wholemodule;
				SWIFT_OPTIMIZATION_LEVEL = "-O";
				VALIDATE_PRODUCT = YES;
			};
			name = Release;
		};
		D9C0BA072A5286030030BA32 /* Debug */ = {
			isa = XCBuildConfiguration;
			buildSettings = {
				ASSETCATALOG_COMPILER_APPICON_NAME = AppIcon;
				ASSETCATALOG_COMPILER_GLOBAL_ACCENT_COLOR_NAME = AccentColor;
				CODE_SIGN_STYLE = Automatic;
				CURRENT_PROJECT_VERSION = 1;
				GENERATE_INFOPLIST_FILE = YES;
				INFOPLIST_FILE = gradientColorSetup/Info.plist;
				INFOPLIST_KEY_UIApplicationSupportsIndirectInputEvents = YES;
				INFOPLIST_KEY_UILaunchStoryboardName = LaunchScreen;
				INFOPLIST_KEY_UIMainStoryboardFile = Main;
				INFOPLIST_KEY_UISupportedInterfaceOrientations_iPad = "UIInterfaceOrientationPortrait UIInterfaceOrientationPortraitUpsideDown UIInterfaceOrientationLandscapeLeft UIInterfaceOrientationLandscapeRight";
				INFOPLIST_KEY_UISupportedInterfaceOrientations_iPhone = "UIInterfaceOrientationPortrait UIInterfaceOrientationLandscapeLeft UIInterfaceOrientationLandscapeRight";
				LD_RUNPATH_SEARCH_PATHS = (
					"$(inherited)",
					"@executable_path/Frameworks",
				);
				MARKETING_VERSION = 1.0;
				PRODUCT_BUNDLE_IDENTIFIER = imc.gradientColorSetup;
				PRODUCT_NAME = "$(TARGET_NAME)";
				SWIFT_EMIT_LOC_STRINGS = YES;
				SWIFT_VERSION = 5.0;
				TARGETED_DEVICE_FAMILY = "1,2";
			};
			name = Debug;
		};
		D9C0BA082A5286030030BA32 /* Release */ = {
			isa = XCBuildConfiguration;
			buildSettings = {
				ASSETCATALOG_COMPILER_APPICON_NAME = AppIcon;
				ASSETCATALOG_COMPILER_GLOBAL_ACCENT_COLOR_NAME = AccentColor;
				CODE_SIGN_STYLE = Automatic;
				CURRENT_PROJECT_VERSION = 1;
				GENERATE_INFOPLIST_FILE = YES;
				INFOPLIST_FILE = gradientColorSetup/Info.plist;
				INFOPLIST_KEY_UIApplicationSupportsIndirectInputEvents = YES;
				INFOPLIST_KEY_UILaunchStoryboardName = LaunchScreen;
				INFOPLIST_KEY_UIMainStoryboardFile = Main;
				INFOPLIST_KEY_UISupportedInterfaceOrientations_iPad = "UIInterfaceOrientationPortrait UIInterfaceOrientationPortraitUpsideDown UIInterfaceOrientationLandscapeLeft UIInterfaceOrientationLandscapeRight";
				INFOPLIST_KEY_UISupportedInterfaceOrientations_iPhone = "UIInterfaceOrientationPortrait UIInterfaceOrientationLandscapeLeft UIInterfaceOrientationLandscapeRight";
				LD_RUNPATH_SEARCH_PATHS = (
					"$(inherited)",
					"@executable_path/Frameworks",
				);
				MARKETING_VERSION = 1.0;
				PRODUCT_BUNDLE_IDENTIFIER = imc.gradientColorSetup;
				PRODUCT_NAME = "$(TARGET_NAME)";
				SWIFT_EMIT_LOC_STRINGS = YES;
				SWIFT_VERSION = 5.0;
				TARGETED_DEVICE_FAMILY = "1,2";
			};
			name = Release;
		};
		D9C0BA0A2A5286030030BA32 /* Debug */ = {
			isa = XCBuildConfiguration;
			buildSettings = {
				ALWAYS_EMBED_SWIFT_STANDARD_LIBRARIES = YES;
				BUNDLE_LOADER = "$(TEST_HOST)";
				CODE_SIGN_STYLE = Automatic;
				CURRENT_PROJECT_VERSION = 1;
				GENERATE_INFOPLIST_FILE = YES;
				IPHONEOS_DEPLOYMENT_TARGET = 16.2;
				MARKETING_VERSION = 1.0;
				PRODUCT_BUNDLE_IDENTIFIER = imc.gradientColorSetupTests;
				PRODUCT_NAME = "$(TARGET_NAME)";
				SWIFT_EMIT_LOC_STRINGS = NO;
				SWIFT_VERSION = 5.0;
				TARGETED_DEVICE_FAMILY = "1,2";
				TEST_HOST = "$(BUILT_PRODUCTS_DIR)/gradientColorSetup.app/$(BUNDLE_EXECUTABLE_FOLDER_PATH)/gradientColorSetup";
			};
			name = Debug;
		};
		D9C0BA0B2A5286030030BA32 /* Release */ = {
			isa = XCBuildConfiguration;
			buildSettings = {
				ALWAYS_EMBED_SWIFT_STANDARD_LIBRARIES = YES;
				BUNDLE_LOADER = "$(TEST_HOST)";
				CODE_SIGN_STYLE = Automatic;
				CURRENT_PROJECT_VERSION = 1;
				GENERATE_INFOPLIST_FILE = YES;
				IPHONEOS_DEPLOYMENT_TARGET = 16.2;
				MARKETING_VERSION = 1.0;
				PRODUCT_BUNDLE_IDENTIFIER = imc.gradientColorSetupTests;
				PRODUCT_NAME = "$(TARGET_NAME)";
				SWIFT_EMIT_LOC_STRINGS = NO;
				SWIFT_VERSION = 5.0;
				TARGETED_DEVICE_FAMILY = "1,2";
				TEST_HOST = "$(BUILT_PRODUCTS_DIR)/gradientColorSetup.app/$(BUNDLE_EXECUTABLE_FOLDER_PATH)/gradientColorSetup";
			};
			name = Release;
		};
		D9C0BA0D2A5286030030BA32 /* Debug */ = {
			isa = XCBuildConfiguration;
			buildSettings = {
				ALWAYS_EMBED_SWIFT_STANDARD_LIBRARIES = YES;
				CODE_SIGN_STYLE = Automatic;
				CURRENT_PROJECT_VERSION = 1;
				GENERATE_INFOPLIST_FILE = YES;
				MARKETING_VERSION = 1.0;
				PRODUCT_BUNDLE_IDENTIFIER = imc.gradientColorSetupUITests;
				PRODUCT_NAME = "$(TARGET_NAME)";
				SWIFT_EMIT_LOC_STRINGS = NO;
				SWIFT_VERSION = 5.0;
				TARGETED_DEVICE_FAMILY = "1,2";
				TEST_TARGET_NAME = gradientColorSetup;
			};
			name = Debug;
		};
		D9C0BA0E2A5286030030BA32 /* Release */ = {
			isa = XCBuildConfiguration;
			buildSettings = {
				ALWAYS_EMBED_SWIFT_STANDARD_LIBRARIES = YES;
				CODE_SIGN_STYLE = Automatic;
				CURRENT_PROJECT_VERSION = 1;
				GENERATE_INFOPLIST_FILE = YES;
				MARKETING_VERSION = 1.0;
				PRODUCT_BUNDLE_IDENTIFIER = imc.gradientColorSetupUITests;
				PRODUCT_NAME = "$(TARGET_NAME)";
				SWIFT_EMIT_LOC_STRINGS = NO;
				SWIFT_VERSION = 5.0;
				TARGETED_DEVICE_FAMILY = "1,2";
				TEST_TARGET_NAME = gradientColorSetup;
			};
			name = Release;
		};
/* End XCBuildConfiguration section */

/* Begin XCConfigurationList section */
		D9C0B9D42A5285FC0030BA32 /* Build configuration list for PBXProject "gradientColorSetup" */ = {
			isa = XCConfigurationList;
			buildConfigurations = (
				D9C0BA042A5286030030BA32 /* Debug */,
				D9C0BA052A5286030030BA32 /* Release */,
			);
			defaultConfigurationIsVisible = 0;
			defaultConfigurationName = Release;
		};
		D9C0BA062A5286030030BA32 /* Build configuration list for PBXNativeTarget "gradientColorSetup" */ = {
			isa = XCConfigurationList;
			buildConfigurations = (
				D9C0BA072A5286030030BA32 /* Debug */,
				D9C0BA082A5286030030BA32 /* Release */,
			);
			defaultConfigurationIsVisible = 0;
			defaultConfigurationName = Release;
		};
		D9C0BA092A5286030030BA32 /* Build configuration list for PBXNativeTarget "gradientColorSetupTests" */ = {
			isa = XCConfigurationList;
			buildConfigurations = (
				D9C0BA0A2A5286030030BA32 /* Debug */,
				D9C0BA0B2A5286030030BA32 /* Release */,
			);
			defaultConfigurationIsVisible = 0;
			defaultConfigurationName = Release;
		};
		D9C0BA0C2A5286030030BA32 /* Build configuration list for PBXNativeTarget "gradientColorSetupUITests" */ = {
			isa = XCConfigurationList;
			buildConfigurations = (
				D9C0BA0D2A5286030030BA32 /* Debug */,
				D9C0BA0E2A5286030030BA32 /* Release */,
			);
			defaultConfigurationIsVisible = 0;
			defaultConfigurationName = Release;
		};
/* End XCConfigurationList section */

/* Begin XCVersionGroup section */
		D9C0B9E52A5285FC0030BA32 /* gradientColorSetup.xcdatamodeld */ = {
			isa = XCVersionGroup;
			children = (
				D9C0B9E62A5285FC0030BA32 /* gradientColorSetup.xcdatamodel */,
			);
			currentVersion = D9C0B9E62A5285FC0030BA32 /* gradientColorSetup.xcdatamodel */;
			path = gradientColorSetup.xcdatamodeld;
			sourceTree = "<group>";
			versionGroupType = wrapper.xcdatamodel;
		};
/* End XCVersionGroup section */
	};
	rootObject = D9C0B9D12A5285FC0030BA32 /* Project object */;
}
